
Microsoft Visual Studio Solution File, Format Version 12.00
# Visual Studio Version 17
VisualStudioVersion = 17.3.32929.385
MinimumVisualStudioVersion = 10.0.40219.1
Project("{FAE04EC0-301F-11D3-BF4B-00C04F79EFBC}") = "Task1", "Task1\Task1.csproj", "{B2BD4F8C-56BE-4894-94BA-8ECE705968DA}"
EndProject
Project("{FAE04EC0-301F-11D3-BF4B-00C04F79EFBC}") = "Task2", "Task2\Task2.csproj", "{F3197400-C294-4020-A7DC-0E9C149BB9DB}"
EndProject
Global
	GlobalSection(SolutionConfigurationPlatforms) = preSolution
		Debug|Any CPU = Debug|Any CPU
		Release|Any CPU = Release|Any CPU
	EndGlobalSection
	GlobalSection(ProjectConfigurationPlatforms) = postSolution
		{B2BD4F8C-56BE-4894-94BA-8ECE705968DA}.Debug|Any CPU.ActiveCfg = Debug|Any CPU
		{B2BD4F8C-56BE-4894-94BA-8ECE705968DA}.Debug|Any CPU.Build.0 = Debug|Any CPU
		{B2BD4F8C-56BE-4894-94BA-8ECE705968DA}.Release|Any CPU.ActiveCfg = Release|Any CPU
		{B2BD4F8C-56BE-4894-94BA-8ECE705968DA}.Release|Any CPU.Build.0 = Release|Any CPU
		{F3197400-C294-4020-A7DC-0E9C149BB9DB}.Debug|Any CPU.ActiveCfg = Debug|Any CPU
		{F3197400-C294-4020-A7DC-0E9C149BB9DB}.Debug|Any CPU.Build.0 = Debug|Any CPU
		{F3197400-C294-4020-A7DC-0E9C149BB9DB}.Release|Any CPU.ActiveCfg = Release|Any CPU
		{F3197400-C294-4020-A7DC-0E9C149BB9DB}.Release|Any CPU.Build.0 = Release|Any CPU
	EndGlobalSection
	GlobalSection(SolutionProperties) = preSolution
		HideSolutionNode = FALSE
	EndGlobalSection
	GlobalSection(ExtensibilityGlobals) = postSolution
		SolutionGuid = {A437C1DB-4E72-45E0-A835-CAB85F1F34BD}
	EndGlobalSection
EndGlobal
